// !$*UTF8*$!
{
	archiveVersion = 1;
	classes = {
	};
	objectVersion = 50;
	objects = {

/* Begin PBXBuildFile section */
		4C1352992636E46D0011A73F /* BarkingLotApp.swift in Sources */ = {isa = PBXBuildFile; fileRef = 4C1352982636E46D0011A73F /* BarkingLotApp.swift */; };
		4C13529B2636E46D0011A73F /* ContentView.swift in Sources */ = {isa = PBXBuildFile; fileRef = 4C13529A2636E46D0011A73F /* ContentView.swift */; };
		4C13529D2636E4700011A73F /* Assets.xcassets in Resources */ = {isa = PBXBuildFile; fileRef = 4C13529C2636E4700011A73F /* Assets.xcassets */; };
		4C1352A02636E4700011A73F /* Preview Assets.xcassets in Resources */ = {isa = PBXBuildFile; fileRef = 4C13529F2636E4700011A73F /* Preview Assets.xcassets */; };
		4C1352AC2636E4F10011A73F /* services.json in Resources */ = {isa = PBXBuildFile; fileRef = 4C1352A92636E4F10011A73F /* services.json */; };
		4C1352AD2636E4F10011A73F /* stores.json in Resources */ = {isa = PBXBuildFile; fileRef = 4C1352AA2636E4F10011A73F /* stores.json */; };
		4C1352AE2636E4F10011A73F /* tips.json in Resources */ = {isa = PBXBuildFile; fileRef = 4C1352AB2636E4F10011A73F /* tips.json */; };
		4C1352B22636E5210011A73F /* Bundle-Decodable.swift in Sources */ = {isa = PBXBuildFile; fileRef = 4C1352B12636E5210011A73F /* Bundle-Decodable.swift */; };
		4C1352B62636E5610011A73F /* DataModel.swift in Sources */ = {isa = PBXBuildFile; fileRef = 4C1352B52636E5610011A73F /* DataModel.swift */; };
		4C1352B92636E5D10011A73F /* TabNavigationView.swift in Sources */ = {isa = PBXBuildFile; fileRef = 4C1352B82636E5D10011A73F /* TabNavigationView.swift */; };
		4C1352BC2636E6610011A73F /* TipsView.swift in Sources */ = {isa = PBXBuildFile; fileRef = 4C1352BB2636E6610011A73F /* TipsView.swift */; };
		4C1352BF2636E66E0011A73F /* Tips.swift in Sources */ = {isa = PBXBuildFile; fileRef = 4C1352BE2636E66E0011A73F /* Tips.swift */; };
		4C1352C22636E6F00011A73F /* SelectStoreView.swift in Sources */ = {isa = PBXBuildFile; fileRef = 4C1352C12636E6F00011A73F /* SelectStoreView.swift */; };
		4C1352C52636E6FE0011A73F /* Store.swift in Sources */ = {isa = PBXBuildFile; fileRef = 4C1352C42636E6FE0011A73F /* Store.swift */; };
		4C1352C82636E7270011A73F /* Coordinate.swift in Sources */ = {isa = PBXBuildFile; fileRef = 4C1352C72636E7270011A73F /* Coordinate.swift */; };
		4C1352D02636E8A20011A73F /* SelectServiceView.swift in Sources */ = {isa = PBXBuildFile; fileRef = 4C1352CF2636E8A20011A73F /* SelectServiceView.swift */; };
		4C1352D32636E9D10011A73F /* Service.swift in Sources */ = {isa = PBXBuildFile; fileRef = 4C1352D22636E9D10011A73F /* Service.swift */; };
		4C1352D62636EB850011A73F /* PurchaseView.swift in Sources */ = {isa = PBXBuildFile; fileRef = 4C1352D52636EB850011A73F /* PurchaseView.swift */; };
		4CE7A23326389B0000D87729 /* BarkingClipApp.swift in Sources */ = {isa = PBXBuildFile; fileRef = 4CE7A23226389B0000D87729 /* BarkingClipApp.swift */; };
		4CE7A23526389B0000D87729 /* ContentView.swift in Sources */ = {isa = PBXBuildFile; fileRef = 4CE7A23426389B0000D87729 /* ContentView.swift */; };
		4CE7A23726389B0200D87729 /* Assets.xcassets in Resources */ = {isa = PBXBuildFile; fileRef = 4CE7A23626389B0200D87729 /* Assets.xcassets */; };
		4CE7A23A26389B0200D87729 /* Preview Assets.xcassets in Resources */ = {isa = PBXBuildFile; fileRef = 4CE7A23926389B0200D87729 /* Preview Assets.xcassets */; };
		4CE7A23F26389B0200D87729 /* BarkingClip.app in Embed App Clips */ = {isa = PBXBuildFile; fileRef = 4CE7A23026389B0000D87729 /* BarkingClip.app */; settings = {ATTRIBUTES = (RemoveHeadersOnCopy, ); }; };
		4CE7A24626389B7200D87729 /* Service.swift in Sources */ = {isa = PBXBuildFile; fileRef = 4C1352D22636E9D10011A73F /* Service.swift */; };
		4CE7A24726389B7200D87729 /* SelectServiceView.swift in Sources */ = {isa = PBXBuildFile; fileRef = 4C1352CF2636E8A20011A73F /* SelectServiceView.swift */; };
		4CE7A24826389B7200D87729 /* SelectStoreView.swift in Sources */ = {isa = PBXBuildFile; fileRef = 4C1352C12636E6F00011A73F /* SelectStoreView.swift */; };
		4CE7A24926389B7200D87729 /* DataModel.swift in Sources */ = {isa = PBXBuildFile; fileRef = 4C1352B52636E5610011A73F /* DataModel.swift */; };
		4CE7A24A26389B7200D87729 /* PurchaseView.swift in Sources */ = {isa = PBXBuildFile; fileRef = 4C1352D52636EB850011A73F /* PurchaseView.swift */; };
		4CE7A24B26389B7200D87729 /* Coordinate.swift in Sources */ = {isa = PBXBuildFile; fileRef = 4C1352C72636E7270011A73F /* Coordinate.swift */; };
		4CE7A24C26389B7200D87729 /* Store.swift in Sources */ = {isa = PBXBuildFile; fileRef = 4C1352C42636E6FE0011A73F /* Store.swift */; };
		4CE7A24F26389B8F00D87729 /* Bundle-Decodable.swift in Sources */ = {isa = PBXBuildFile; fileRef = 4C1352B12636E5210011A73F /* Bundle-Decodable.swift */; };
/* End PBXBuildFile section */

/* Begin PBXContainerItemProxy section */
		4CE7A23D26389B0200D87729 /* PBXContainerItemProxy */ = {
			isa = PBXContainerItemProxy;
			containerPortal = 4C13528D2636E46D0011A73F /* Project object */;
			proxyType = 1;
			remoteGlobalIDString = 4CE7A22F26389B0000D87729;
			remoteInfo = BarkingClip;
		};
/* End PBXContainerItemProxy section */

/* Begin PBXCopyFilesBuildPhase section */
		4CE7A24026389B0200D87729 /* Embed App Clips */ = {
			isa = PBXCopyFilesBuildPhase;
			buildActionMask = 2147483647;
			dstPath = "$(CONTENTS_FOLDER_PATH)/AppClips";
			dstSubfolderSpec = 16;
			files = (
				4CE7A23F26389B0200D87729 /* BarkingClip.app in Embed App Clips */,
			);
			name = "Embed App Clips";
			runOnlyForDeploymentPostprocessing = 0;
		};
/* End PBXCopyFilesBuildPhase section */

/* Begin PBXFileReference section */
		4C1352952636E46D0011A73F /* BarkingLot.app */ = {isa = PBXFileReference; explicitFileType = wrapper.application; includeInIndex = 0; path = BarkingLot.app; sourceTree = BUILT_PRODUCTS_DIR; };
		4C1352982636E46D0011A73F /* BarkingLotApp.swift */ = {isa = PBXFileReference; lastKnownFileType = sourcecode.swift; path = BarkingLotApp.swift; sourceTree = "<group>"; };
		4C13529A2636E46D0011A73F /* ContentView.swift */ = {isa = PBXFileReference; lastKnownFileType = sourcecode.swift; path = ContentView.swift; sourceTree = "<group>"; };
		4C13529C2636E4700011A73F /* Assets.xcassets */ = {isa = PBXFileReference; lastKnownFileType = folder.assetcatalog; path = Assets.xcassets; sourceTree = "<group>"; };
		4C13529F2636E4700011A73F /* Preview Assets.xcassets */ = {isa = PBXFileReference; lastKnownFileType = folder.assetcatalog; path = "Preview Assets.xcassets"; sourceTree = "<group>"; };
		4C1352A12636E4700011A73F /* Info.plist */ = {isa = PBXFileReference; lastKnownFileType = text.plist.xml; path = Info.plist; sourceTree = "<group>"; };
		4C1352A92636E4F10011A73F /* services.json */ = {isa = PBXFileReference; fileEncoding = 4; lastKnownFileType = text.json; path = services.json; sourceTree = "<group>"; };
		4C1352AA2636E4F10011A73F /* stores.json */ = {isa = PBXFileReference; fileEncoding = 4; lastKnownFileType = text.json; path = stores.json; sourceTree = "<group>"; };
		4C1352AB2636E4F10011A73F /* tips.json */ = {isa = PBXFileReference; fileEncoding = 4; lastKnownFileType = text.json; path = tips.json; sourceTree = "<group>"; };
		4C1352B12636E5210011A73F /* Bundle-Decodable.swift */ = {isa = PBXFileReference; fileEncoding = 4; lastKnownFileType = sourcecode.swift; path = "Bundle-Decodable.swift"; sourceTree = "<group>"; };
		4C1352B52636E5610011A73F /* DataModel.swift */ = {isa = PBXFileReference; lastKnownFileType = sourcecode.swift; path = DataModel.swift; sourceTree = "<group>"; };
		4C1352B82636E5D10011A73F /* TabNavigationView.swift */ = {isa = PBXFileReference; lastKnownFileType = sourcecode.swift; path = TabNavigationView.swift; sourceTree = "<group>"; };
		4C1352BB2636E6610011A73F /* TipsView.swift */ = {isa = PBXFileReference; lastKnownFileType = sourcecode.swift; path = TipsView.swift; sourceTree = "<group>"; };
		4C1352BE2636E66E0011A73F /* Tips.swift */ = {isa = PBXFileReference; lastKnownFileType = sourcecode.swift; path = Tips.swift; sourceTree = "<group>"; };
		4C1352C12636E6F00011A73F /* SelectStoreView.swift */ = {isa = PBXFileReference; lastKnownFileType = sourcecode.swift; path = SelectStoreView.swift; sourceTree = "<group>"; };
		4C1352C42636E6FE0011A73F /* Store.swift */ = {isa = PBXFileReference; lastKnownFileType = sourcecode.swift; path = Store.swift; sourceTree = "<group>"; };
		4C1352C72636E7270011A73F /* Coordinate.swift */ = {isa = PBXFileReference; lastKnownFileType = sourcecode.swift; path = Coordinate.swift; sourceTree = "<group>"; };
		4C1352CF2636E8A20011A73F /* SelectServiceView.swift */ = {isa = PBXFileReference; lastKnownFileType = sourcecode.swift; path = SelectServiceView.swift; sourceTree = "<group>"; };
		4C1352D22636E9D10011A73F /* Service.swift */ = {isa = PBXFileReference; lastKnownFileType = sourcecode.swift; path = Service.swift; sourceTree = "<group>"; };
		4C1352D52636EB850011A73F /* PurchaseView.swift */ = {isa = PBXFileReference; lastKnownFileType = sourcecode.swift; path = PurchaseView.swift; sourceTree = "<group>"; };
		4CE7A23026389B0000D87729 /* BarkingClip.app */ = {isa = PBXFileReference; explicitFileType = wrapper.application; includeInIndex = 0; path = BarkingClip.app; sourceTree = BUILT_PRODUCTS_DIR; };
		4CE7A23226389B0000D87729 /* BarkingClipApp.swift */ = {isa = PBXFileReference; lastKnownFileType = sourcecode.swift; path = BarkingClipApp.swift; sourceTree = "<group>"; };
		4CE7A23426389B0000D87729 /* ContentView.swift */ = {isa = PBXFileReference; lastKnownFileType = sourcecode.swift; path = ContentView.swift; sourceTree = "<group>"; };
		4CE7A23626389B0200D87729 /* Assets.xcassets */ = {isa = PBXFileReference; lastKnownFileType = folder.assetcatalog; path = Assets.xcassets; sourceTree = "<group>"; };
		4CE7A23926389B0200D87729 /* Preview Assets.xcassets */ = {isa = PBXFileReference; lastKnownFileType = folder.assetcatalog; path = "Preview Assets.xcassets"; sourceTree = "<group>"; };
		4CE7A23B26389B0200D87729 /* Info.plist */ = {isa = PBXFileReference; lastKnownFileType = text.plist.xml; path = Info.plist; sourceTree = "<group>"; };
		4CE7A23C26389B0200D87729 /* BarkingClip.entitlements */ = {isa = PBXFileReference; lastKnownFileType = text.plist.entitlements; path = BarkingClip.entitlements; sourceTree = "<group>"; };
/* End PBXFileReference section */

/* Begin PBXFrameworksBuildPhase section */
		4C1352922636E46D0011A73F /* Frameworks */ = {
			isa = PBXFrameworksBuildPhase;
			buildActionMask = 2147483647;
			files = (
			);
			runOnlyForDeploymentPostprocessing = 0;
		};
		4CE7A22D26389B0000D87729 /* Frameworks */ = {
			isa = PBXFrameworksBuildPhase;
			buildActionMask = 2147483647;
			files = (
			);
			runOnlyForDeploymentPostprocessing = 0;
		};
/* End PBXFrameworksBuildPhase section */

/* Begin PBXGroup section */
		4C13528C2636E46D0011A73F = {
			isa = PBXGroup;
			children = (
				4C1352972636E46D0011A73F /* BarkingLot */,
				4CE7A23126389B0000D87729 /* BarkingClip */,
				4C1352962636E46D0011A73F /* Products */,
			);
			sourceTree = "<group>";
		};
		4C1352962636E46D0011A73F /* Products */ = {
			isa = PBXGroup;
			children = (
				4C1352952636E46D0011A73F /* BarkingLot.app */,
				4CE7A23026389B0000D87729 /* BarkingClip.app */,
			);
			name = Products;
			sourceTree = "<group>";
		};
		4C1352972636E46D0011A73F /* BarkingLot */ = {
			isa = PBXGroup;
			children = (
				4C1352982636E46D0011A73F /* BarkingLotApp.swift */,
				4C13529A2636E46D0011A73F /* ContentView.swift */,
				4C1352B82636E5D10011A73F /* TabNavigationView.swift */,
				4C1352BB2636E6610011A73F /* TipsView.swift */,
				4C1352C12636E6F00011A73F /* SelectStoreView.swift */,
				4C1352CF2636E8A20011A73F /* SelectServiceView.swift */,
				4C1352D52636EB850011A73F /* PurchaseView.swift */,
				4C1352B42636E5480011A73F /* Model */,
				4C1352B02636E5140011A73F /* Helper */,
				4C1352A82636E4E70011A73F /* Assets */,
				4C13529C2636E4700011A73F /* Assets.xcassets */,
				4C1352A12636E4700011A73F /* Info.plist */,
				4C13529E2636E4700011A73F /* Preview Content */,
			);
			path = BarkingLot;
			sourceTree = "<group>";
		};
		4C13529E2636E4700011A73F /* Preview Content */ = {
			isa = PBXGroup;
			children = (
				4C13529F2636E4700011A73F /* Preview Assets.xcassets */,
			);
			path = "Preview Content";
			sourceTree = "<group>";
		};
		4C1352A82636E4E70011A73F /* Assets */ = {
			isa = PBXGroup;
			children = (
				4C1352A92636E4F10011A73F /* services.json */,
				4C1352AA2636E4F10011A73F /* stores.json */,
				4C1352AB2636E4F10011A73F /* tips.json */,
			);
			path = Assets;
			sourceTree = "<group>";
		};
		4C1352B02636E5140011A73F /* Helper */ = {
			isa = PBXGroup;
			children = (
				4C1352B12636E5210011A73F /* Bundle-Decodable.swift */,
			);
			path = Helper;
			sourceTree = "<group>";
		};
		4C1352B42636E5480011A73F /* Model */ = {
			isa = PBXGroup;
			children = (
				4C1352B52636E5610011A73F /* DataModel.swift */,
				4C1352BE2636E66E0011A73F /* Tips.swift */,
				4C1352C72636E7270011A73F /* Coordinate.swift */,
				4C1352C42636E6FE0011A73F /* Store.swift */,
				4C1352D22636E9D10011A73F /* Service.swift */,
			);
			path = Model;
			sourceTree = "<group>";
		};
		4CE7A23126389B0000D87729 /* BarkingClip */ = {
			isa = PBXGroup;
			children = (
				4CE7A23226389B0000D87729 /* BarkingClipApp.swift */,
				4CE7A23426389B0000D87729 /* ContentView.swift */,
				4CE7A23626389B0200D87729 /* Assets.xcassets */,
				4CE7A23B26389B0200D87729 /* Info.plist */,
				4CE7A23C26389B0200D87729 /* BarkingClip.entitlements */,
				4CE7A23826389B0200D87729 /* Preview Content */,
			);
			path = BarkingClip;
			sourceTree = "<group>";
		};
		4CE7A23826389B0200D87729 /* Preview Content */ = {
			isa = PBXGroup;
			children = (
				4CE7A23926389B0200D87729 /* Preview Assets.xcassets */,
			);
			path = "Preview Content";
			sourceTree = "<group>";
		};
/* End PBXGroup section */

/* Begin PBXNativeTarget section */
		4C1352942636E46D0011A73F /* BarkingLot */ = {
			isa = PBXNativeTarget;
			buildConfigurationList = 4C1352A42636E4700011A73F /* Build configuration list for PBXNativeTarget "BarkingLot" */;
			buildPhases = (
				4C1352912636E46D0011A73F /* Sources */,
				4C1352922636E46D0011A73F /* Frameworks */,
				4C1352932636E46D0011A73F /* Resources */,
				4CE7A24026389B0200D87729 /* Embed App Clips */,
			);
			buildRules = (
			);
			dependencies = (
				4CE7A23E26389B0200D87729 /* PBXTargetDependency */,
			);
			name = BarkingLot;
			productName = BarkingLot;
			productReference = 4C1352952636E46D0011A73F /* BarkingLot.app */;
			productType = "com.apple.product-type.application";
		};
		4CE7A22F26389B0000D87729 /* BarkingClip */ = {
			isa = PBXNativeTarget;
			buildConfigurationList = 4CE7A24326389B0200D87729 /* Build configuration list for PBXNativeTarget "BarkingClip" */;
			buildPhases = (
				4CE7A22C26389B0000D87729 /* Sources */,
				4CE7A22D26389B0000D87729 /* Frameworks */,
				4CE7A22E26389B0000D87729 /* Resources */,
			);
			buildRules = (
			);
			dependencies = (
			);
			name = BarkingClip;
			productName = BarkingClip;
			productReference = 4CE7A23026389B0000D87729 /* BarkingClip.app */;
			productType = "com.apple.product-type.application.on-demand-install-capable";
		};
/* End PBXNativeTarget section */

/* Begin PBXProject section */
		4C13528D2636E46D0011A73F /* Project object */ = {
			isa = PBXProject;
			attributes = {
				LastSwiftUpdateCheck = 1240;
				LastUpgradeCheck = 1240;
				TargetAttributes = {
					4C1352942636E46D0011A73F = {
						CreatedOnToolsVersion = 12.4;
					};
					4CE7A22F26389B0000D87729 = {
						CreatedOnToolsVersion = 12.4;
					};
				};
			};
			buildConfigurationList = 4C1352902636E46D0011A73F /* Build configuration list for PBXProject "BarkingLot" */;
			compatibilityVersion = "Xcode 9.3";
			developmentRegion = en;
			hasScannedForEncodings = 0;
			knownRegions = (
				en,
				Base,
			);
			mainGroup = 4C13528C2636E46D0011A73F;
			productRefGroup = 4C1352962636E46D0011A73F /* Products */;
			projectDirPath = "";
			projectRoot = "";
			targets = (
				4C1352942636E46D0011A73F /* BarkingLot */,
				4CE7A22F26389B0000D87729 /* BarkingClip */,
			);
		};
/* End PBXProject section */

/* Begin PBXResourcesBuildPhase section */
		4C1352932636E46D0011A73F /* Resources */ = {
			isa = PBXResourcesBuildPhase;
			buildActionMask = 2147483647;
			files = (
				4C1352A02636E4700011A73F /* Preview Assets.xcassets in Resources */,
				4C1352AC2636E4F10011A73F /* services.json in Resources */,
				4C1352AE2636E4F10011A73F /* tips.json in Resources */,
				4C13529D2636E4700011A73F /* Assets.xcassets in Resources */,
				4C1352AD2636E4F10011A73F /* stores.json in Resources */,
			);
			runOnlyForDeploymentPostprocessing = 0;
		};
		4CE7A22E26389B0000D87729 /* Resources */ = {
			isa = PBXResourcesBuildPhase;
			buildActionMask = 2147483647;
			files = (
				4CE7A23A26389B0200D87729 /* Preview Assets.xcassets in Resources */,
				4CE7A23726389B0200D87729 /* Assets.xcassets in Resources */,
			);
			runOnlyForDeploymentPostprocessing = 0;
		};
/* End PBXResourcesBuildPhase section */

/* Begin PBXSourcesBuildPhase section */
		4C1352912636E46D0011A73F /* Sources */ = {
			isa = PBXSourcesBuildPhase;
			buildActionMask = 2147483647;
			files = (
				4C1352C22636E6F00011A73F /* SelectStoreView.swift in Sources */,
				4C1352D02636E8A20011A73F /* SelectServiceView.swift in Sources */,
				4C1352BC2636E6610011A73F /* TipsView.swift in Sources */,
				4C1352B92636E5D10011A73F /* TabNavigationView.swift in Sources */,
				4C1352C52636E6FE0011A73F /* Store.swift in Sources */,
				4C1352D32636E9D10011A73F /* Service.swift in Sources */,
				4C13529B2636E46D0011A73F /* ContentView.swift in Sources */,
				4C1352B62636E5610011A73F /* DataModel.swift in Sources */,
				4C1352BF2636E66E0011A73F /* Tips.swift in Sources */,
				4C1352D62636EB850011A73F /* PurchaseView.swift in Sources */,
				4C1352992636E46D0011A73F /* BarkingLotApp.swift in Sources */,
				4C1352B22636E5210011A73F /* Bundle-Decodable.swift in Sources */,
				4C1352C82636E7270011A73F /* Coordinate.swift in Sources */,
			);
			runOnlyForDeploymentPostprocessing = 0;
		};
		4CE7A22C26389B0000D87729 /* Sources */ = {
			isa = PBXSourcesBuildPhase;
			buildActionMask = 2147483647;
			files = (
				4CE7A24A26389B7200D87729 /* PurchaseView.swift in Sources */,
				4CE7A23526389B0000D87729 /* ContentView.swift in Sources */,
				4CE7A24826389B7200D87729 /* SelectStoreView.swift in Sources */,
				4CE7A24C26389B7200D87729 /* Store.swift in Sources */,
				4CE7A24B26389B7200D87729 /* Coordinate.swift in Sources */,
				4CE7A23326389B0000D87729 /* BarkingClipApp.swift in Sources */,
				4CE7A24726389B7200D87729 /* SelectServiceView.swift in Sources */,
				4CE7A24F26389B8F00D87729 /* Bundle-Decodable.swift in Sources */,
				4CE7A24626389B7200D87729 /* Service.swift in Sources */,
				4CE7A24926389B7200D87729 /* DataModel.swift in Sources */,
			);
			runOnlyForDeploymentPostprocessing = 0;
		};
/* End PBXSourcesBuildPhase section */

/* Begin PBXTargetDependency section */
		4CE7A23E26389B0200D87729 /* PBXTargetDependency */ = {
			isa = PBXTargetDependency;
			target = 4CE7A22F26389B0000D87729 /* BarkingClip */;
			targetProxy = 4CE7A23D26389B0200D87729 /* PBXContainerItemProxy */;
		};
/* End PBXTargetDependency section */

/* Begin XCBuildConfiguration section */
		4C1352A22636E4700011A73F /* Debug */ = {
			isa = XCBuildConfiguration;
			buildSettings = {
				ALWAYS_SEARCH_USER_PATHS = NO;
				CLANG_ANALYZER_NONNULL = YES;
				CLANG_ANALYZER_NUMBER_OBJECT_CONVERSION = YES_AGGRESSIVE;
				CLANG_CXX_LANGUAGE_STANDARD = "gnu++14";
				CLANG_CXX_LIBRARY = "libc++";
				CLANG_ENABLE_MODULES = YES;
				CLANG_ENABLE_OBJC_ARC = YES;
				CLANG_ENABLE_OBJC_WEAK = YES;
				CLANG_WARN_BLOCK_CAPTURE_AUTORELEASING = YES;
				CLANG_WARN_BOOL_CONVERSION = YES;
				CLANG_WARN_COMMA = YES;
				CLANG_WARN_CONSTANT_CONVERSION = YES;
				CLANG_WARN_DEPRECATED_OBJC_IMPLEMENTATIONS = YES;
				CLANG_WARN_DIRECT_OBJC_ISA_USAGE = YES_ERROR;
				CLANG_WARN_DOCUMENTATION_COMMENTS = YES;
				CLANG_WARN_EMPTY_BODY = YES;
				CLANG_WARN_ENUM_CONVERSION = YES;
				CLANG_WARN_INFINITE_RECURSION = YES;
				CLANG_WARN_INT_CONVERSION = YES;
				CLANG_WARN_NON_LITERAL_NULL_CONVERSION = YES;
				CLANG_WARN_OBJC_IMPLICIT_RETAIN_SELF = YES;
				CLANG_WARN_OBJC_LITERAL_CONVERSION = YES;
				CLANG_WARN_OBJC_ROOT_CLASS = YES_ERROR;
				CLANG_WARN_QUOTED_INCLUDE_IN_FRAMEWORK_HEADER = YES;
				CLANG_WARN_RANGE_LOOP_ANALYSIS = YES;
				CLANG_WARN_STRICT_PROTOTYPES = YES;
				CLANG_WARN_SUSPICIOUS_MOVE = YES;
				CLANG_WARN_UNGUARDED_AVAILABILITY = YES_AGGRESSIVE;
				CLANG_WARN_UNREACHABLE_CODE = YES;
				CLANG_WARN__DUPLICATE_METHOD_MATCH = YES;
				COPY_PHASE_STRIP = NO;
				DEBUG_INFORMATION_FORMAT = dwarf;
				ENABLE_STRICT_OBJC_MSGSEND = YES;
				ENABLE_TESTABILITY = YES;
				GCC_C_LANGUAGE_STANDARD = gnu11;
				GCC_DYNAMIC_NO_PIC = NO;
				GCC_NO_COMMON_BLOCKS = YES;
				GCC_OPTIMIZATION_LEVEL = 0;
				GCC_PREPROCESSOR_DEFINITIONS = (
					"DEBUG=1",
					"$(inherited)",
				);
				GCC_WARN_64_TO_32_BIT_CONVERSION = YES;
				GCC_WARN_ABOUT_RETURN_TYPE = YES_ERROR;
				GCC_WARN_UNDECLARED_SELECTOR = YES;
				GCC_WARN_UNINITIALIZED_AUTOS = YES_AGGRESSIVE;
				GCC_WARN_UNUSED_FUNCTION = YES;
				GCC_WARN_UNUSED_VARIABLE = YES;
				IPHONEOS_DEPLOYMENT_TARGET = 14.4;
				MTL_ENABLE_DEBUG_INFO = INCLUDE_SOURCE;
				MTL_FAST_MATH = YES;
				ONLY_ACTIVE_ARCH = YES;
				SDKROOT = iphoneos;
				SWIFT_ACTIVE_COMPILATION_CONDITIONS = DEBUG;
				SWIFT_OPTIMIZATION_LEVEL = "-Onone";
			};
			name = Debug;
		};
		4C1352A32636E4700011A73F /* Release */ = {
			isa = XCBuildConfiguration;
			buildSettings = {
				ALWAYS_SEARCH_USER_PATHS = NO;
				CLANG_ANALYZER_NONNULL = YES;
				CLANG_ANALYZER_NUMBER_OBJECT_CONVERSION = YES_AGGRESSIVE;
				CLANG_CXX_LANGUAGE_STANDARD = "gnu++14";
				CLANG_CXX_LIBRARY = "libc++";
				CLANG_ENABLE_MODULES = YES;
				CLANG_ENABLE_OBJC_ARC = YES;
				CLANG_ENABLE_OBJC_WEAK = YES;
				CLANG_WARN_BLOCK_CAPTURE_AUTORELEASING = YES;
				CLANG_WARN_BOOL_CONVERSION = YES;
				CLANG_WARN_COMMA = YES;
				CLANG_WARN_CONSTANT_CONVERSION = YES;
				CLANG_WARN_DEPRECATED_OBJC_IMPLEMENTATIONS = YES;
				CLANG_WARN_DIRECT_OBJC_ISA_USAGE = YES_ERROR;
				CLANG_WARN_DOCUMENTATION_COMMENTS = YES;
				CLANG_WARN_EMPTY_BODY = YES;
				CLANG_WARN_ENUM_CONVERSION = YES;
				CLANG_WARN_INFINITE_RECURSION = YES;
				CLANG_WARN_INT_CONVERSION = YES;
				CLANG_WARN_NON_LITERAL_NULL_CONVERSION = YES;
				CLANG_WARN_OBJC_IMPLICIT_RETAIN_SELF = YES;
				CLANG_WARN_OBJC_LITERAL_CONVERSION = YES;
				CLANG_WARN_OBJC_ROOT_CLASS = YES_ERROR;
				CLANG_WARN_QUOTED_INCLUDE_IN_FRAMEWORK_HEADER = YES;
				CLANG_WARN_RANGE_LOOP_ANALYSIS = YES;
				CLANG_WARN_STRICT_PROTOTYPES = YES;
				CLANG_WARN_SUSPICIOUS_MOVE = YES;
				CLANG_WARN_UNGUARDED_AVAILABILITY = YES_AGGRESSIVE;
				CLANG_WARN_UNREACHABLE_CODE = YES;
				CLANG_WARN__DUPLICATE_METHOD_MATCH = YES;
				COPY_PHASE_STRIP = NO;
				DEBUG_INFORMATION_FORMAT = "dwarf-with-dsym";
				ENABLE_NS_ASSERTIONS = NO;
				ENABLE_STRICT_OBJC_MSGSEND = YES;
				GCC_C_LANGUAGE_STANDARD = gnu11;
				GCC_NO_COMMON_BLOCKS = YES;
				GCC_WARN_64_TO_32_BIT_CONVERSION = YES;
				GCC_WARN_ABOUT_RETURN_TYPE = YES_ERROR;
				GCC_WARN_UNDECLARED_SELECTOR = YES;
				GCC_WARN_UNINITIALIZED_AUTOS = YES_AGGRESSIVE;
				GCC_WARN_UNUSED_FUNCTION = YES;
				GCC_WARN_UNUSED_VARIABLE = YES;
				IPHONEOS_DEPLOYMENT_TARGET = 14.4;
				MTL_ENABLE_DEBUG_INFO = NO;
				MTL_FAST_MATH = YES;
				SDKROOT = iphoneos;
				SWIFT_COMPILATION_MODE = wholemodule;
				SWIFT_OPTIMIZATION_LEVEL = "-O";
				VALIDATE_PRODUCT = YES;
			};
			name = Release;
		};
		4C1352A52636E4700011A73F /* Debug */ = {
			isa = XCBuildConfiguration;
			buildSettings = {
				ALWAYS_EMBED_SWIFT_STANDARD_LIBRARIES = YES;
				ASSETCATALOG_COMPILER_APPICON_NAME = AppIcon;
				ASSETCATALOG_COMPILER_GLOBAL_ACCENT_COLOR_NAME = AccentColor;
				CODE_SIGN_STYLE = Automatic;
				DEVELOPMENT_ASSET_PATHS = "\"BarkingLot/Preview Content\"";
				DEVELOPMENT_TEAM = K5ZJLTFVCL;
				ENABLE_PREVIEWS = YES;
				INFOPLIST_FILE = BarkingLot/Info.plist;
				IPHONEOS_DEPLOYMENT_TARGET = 14.0;
				LD_RUNPATH_SEARCH_PATHS = (
					"$(inherited)",
					"@executable_path/Frameworks",
				);
				PRODUCT_BUNDLE_IDENTIFIER = io.github.oddmagnet.BarkingLot;
				PRODUCT_NAME = "$(TARGET_NAME)";
				SWIFT_VERSION = 5.0;
				TARGETED_DEVICE_FAMILY = "1,2";
			};
			name = Debug;
		};
		4C1352A62636E4700011A73F /* Release */ = {
			isa = XCBuildConfiguration;
			buildSettings = {
				ALWAYS_EMBED_SWIFT_STANDARD_LIBRARIES = YES;
				ASSETCATALOG_COMPILER_APPICON_NAME = AppIcon;
				ASSETCATALOG_COMPILER_GLOBAL_ACCENT_COLOR_NAME = AccentColor;
				CODE_SIGN_STYLE = Automatic;
				DEVELOPMENT_ASSET_PATHS = "\"BarkingLot/Preview Content\"";
				DEVELOPMENT_TEAM = K5ZJLTFVCL;
				ENABLE_PREVIEWS = YES;
				INFOPLIST_FILE = BarkingLot/Info.plist;
				IPHONEOS_DEPLOYMENT_TARGET = 14.0;
				LD_RUNPATH_SEARCH_PATHS = (
					"$(inherited)",
					"@executable_path/Frameworks",
				);
				PRODUCT_BUNDLE_IDENTIFIER = io.github.oddmagnet.BarkingLot;
				PRODUCT_NAME = "$(TARGET_NAME)";
				SWIFT_VERSION = 5.0;
				TARGETED_DEVICE_FAMILY = "1,2";
			};
			name = Release;
		};
		4CE7A24126389B0200D87729 /* Debug */ = {
			isa = XCBuildConfiguration;
			buildSettings = {
				ASSETCATALOG_COMPILER_APPICON_NAME = AppIcon;
				ASSETCATALOG_COMPILER_GLOBAL_ACCENT_COLOR_NAME = AccentColor;
				CODE_SIGN_ENTITLEMENTS = BarkingClip/BarkingClip.entitlements;
				CODE_SIGN_STYLE = Automatic;
				DEVELOPMENT_ASSET_PATHS = "\"BarkingClip/Preview Content\"";
				DEVELOPMENT_TEAM = K5ZJLTFVCL;
				ENABLE_PREVIEWS = YES;
				INFOPLIST_FILE = BarkingClip/Info.plist;
				IPHONEOS_DEPLOYMENT_TARGET = 14.0;
				LD_RUNPATH_SEARCH_PATHS = (
					"$(inherited)",
					"@executable_path/Frameworks",
				);
				PRODUCT_BUNDLE_IDENTIFIER = io.github.oddmagnet.BarkingLot.Clip;
				PRODUCT_NAME = "$(TARGET_NAME)";
				SWIFT_ACTIVE_COMPILATION_CONDITIONS = "DEBUG APPCLIP";
				SWIFT_VERSION = 5.0;
				TARGETED_DEVICE_FAMILY = "1,2";
			};
			name = Debug;
		};
		4CE7A24226389B0200D87729 /* Release */ = {
			isa = XCBuildConfiguration;
			buildSettings = {
				ASSETCATALOG_COMPILER_APPICON_NAME = AppIcon;
				ASSETCATALOG_COMPILER_GLOBAL_ACCENT_COLOR_NAME = AccentColor;
				CODE_SIGN_ENTITLEMENTS = BarkingClip/BarkingClip.entitlements;
				CODE_SIGN_STYLE = Automatic;
				DEVELOPMENT_ASSET_PATHS = "\"BarkingClip/Preview Content\"";
				DEVELOPMENT_TEAM = K5ZJLTFVCL;
				ENABLE_PREVIEWS = YES;
				INFOPLIST_FILE = BarkingClip/Info.plist;
				IPHONEOS_DEPLOYMENT_TARGET = 14.0;
				LD_RUNPATH_SEARCH_PATHS = (
					"$(inherited)",
					"@executable_path/Frameworks",
				);
				PRODUCT_BUNDLE_IDENTIFIER = io.github.oddmagnet.BarkingLot.Clip;
				PRODUCT_NAME = "$(TARGET_NAME)";
				SWIFT_ACTIVE_COMPILATION_CONDITIONS = APPCLIP;
				SWIFT_VERSION = 5.0;
				TARGETED_DEVICE_FAMILY = "1,2";
			};
			name = Release;
		};
/* End XCBuildConfiguration section */

/* Begin XCConfigurationList section */
		4C1352902636E46D0011A73F /* Build configuration list for PBXProject "BarkingLot" */ = {
			isa = XCConfigurationList;
			buildConfigurations = (
				4C1352A22636E4700011A73F /* Debug */,
				4C1352A32636E4700011A73F /* Release */,
			);
			defaultConfigurationIsVisible = 0;
			defaultConfigurationName = Release;
		};
		4C1352A42636E4700011A73F /* Build configuration list for PBXNativeTarget "BarkingLot" */ = {
			isa = XCConfigurationList;
			buildConfigurations = (
				4C1352A52636E4700011A73F /* Debug */,
				4C1352A62636E4700011A73F /* Release */,
			);
			defaultConfigurationIsVisible = 0;
			defaultConfigurationName = Release;
		};
		4CE7A24326389B0200D87729 /* Build configuration list for PBXNativeTarget "BarkingClip" */ = {
			isa = XCConfigurationList;
			buildConfigurations = (
				4CE7A24126389B0200D87729 /* Debug */,
				4CE7A24226389B0200D87729 /* Release */,
			);
			defaultConfigurationIsVisible = 0;
			defaultConfigurationName = Release;
		};
/* End XCConfigurationList section */
	};
	rootObject = 4C13528D2636E46D0011A73F /* Project object */;
}
