// !$*UTF8*$!
{
	archiveVersion = 1;
	classes = {
	};
	objectVersion = 50;
	objects = {

/* Begin PBXBuildFile section */
		4C5AA2C1263989B400830FC9 /* WidgetTestApp.swift in Sources */ = {isa = PBXBuildFile; fileRef = 4C5AA2C0263989B400830FC9 /* WidgetTestApp.swift */; };
		4C5AA2C3263989B400830FC9 /* ContentView.swift in Sources */ = {isa = PBXBuildFile; fileRef = 4C5AA2C2263989B400830FC9 /* ContentView.swift */; };
		4C5AA2C5263989B500830FC9 /* Assets.xcassets in Resources */ = {isa = PBXBuildFile; fileRef = 4C5AA2C4263989B500830FC9 /* Assets.xcassets */; };
		4C5AA2C8263989B500830FC9 /* Preview Assets.xcassets in Resources */ = {isa = PBXBuildFile; fileRef = 4C5AA2C7263989B500830FC9 /* Preview Assets.xcassets */; };
		4C5AA2D726398A0E00830FC9 /* WidgetKit.framework in Frameworks */ = {isa = PBXBuildFile; fileRef = 4C5AA2D626398A0E00830FC9 /* WidgetKit.framework */; };
		4C5AA2D926398A0E00830FC9 /* SwiftUI.framework in Frameworks */ = {isa = PBXBuildFile; fileRef = 4C5AA2D826398A0E00830FC9 /* SwiftUI.framework */; };
		4C5AA2DC26398A0E00830FC9 /* Widget.swift in Sources */ = {isa = PBXBuildFile; fileRef = 4C5AA2DB26398A0E00830FC9 /* Widget.swift */; };
		4C5AA2DF26398A1200830FC9 /* Assets.xcassets in Resources */ = {isa = PBXBuildFile; fileRef = 4C5AA2DE26398A1200830FC9 /* Assets.xcassets */; };
		4C5AA2E126398A1200830FC9 /* Widget.intentdefinition in Sources */ = {isa = PBXBuildFile; fileRef = 4C5AA2DD26398A0E00830FC9 /* Widget.intentdefinition */; };
		4C5AA2E226398A1200830FC9 /* Widget.intentdefinition in Sources */ = {isa = PBXBuildFile; fileRef = 4C5AA2DD26398A0E00830FC9 /* Widget.intentdefinition */; };
		4C5AA2E526398A1200830FC9 /* WidgetExtension.appex in Embed App Extensions */ = {isa = PBXBuildFile; fileRef = 4C5AA2D426398A0E00830FC9 /* WidgetExtension.appex */; settings = {ATTRIBUTES = (RemoveHeadersOnCopy, ); }; };
/* End PBXBuildFile section */

/* Begin PBXContainerItemProxy section */
		4C5AA2E326398A1200830FC9 /* PBXContainerItemProxy */ = {
			isa = PBXContainerItemProxy;
			containerPortal = 4C5AA2B5263989B300830FC9 /* Project object */;
			proxyType = 1;
			remoteGlobalIDString = 4C5AA2D326398A0E00830FC9;
			remoteInfo = WidgetExtension;
		};
/* End PBXContainerItemProxy section */

/* Begin PBXCopyFilesBuildPhase section */
		4C5AA2E926398A1200830FC9 /* Embed App Extensions */ = {
			isa = PBXCopyFilesBuildPhase;
			buildActionMask = 2147483647;
			dstPath = "";
			dstSubfolderSpec = 13;
			files = (
				4C5AA2E526398A1200830FC9 /* WidgetExtension.appex in Embed App Extensions */,
			);
			name = "Embed App Extensions";
			runOnlyForDeploymentPostprocessing = 0;
		};
/* End PBXCopyFilesBuildPhase section */

/* Begin PBXFileReference section */
		4C5AA2BD263989B400830FC9 /* WidgetTest.app */ = {isa = PBXFileReference; explicitFileType = wrapper.application; includeInIndex = 0; path = WidgetTest.app; sourceTree = BUILT_PRODUCTS_DIR; };
		4C5AA2C0263989B400830FC9 /* WidgetTestApp.swift */ = {isa = PBXFileReference; lastKnownFileType = sourcecode.swift; path = WidgetTestApp.swift; sourceTree = "<group>"; };
		4C5AA2C2263989B400830FC9 /* ContentView.swift */ = {isa = PBXFileReference; lastKnownFileType = sourcecode.swift; path = ContentView.swift; sourceTree = "<group>"; };
		4C5AA2C4263989B500830FC9 /* Assets.xcassets */ = {isa = PBXFileReference; lastKnownFileType = folder.assetcatalog; path = Assets.xcassets; sourceTree = "<group>"; };
		4C5AA2C7263989B500830FC9 /* Preview Assets.xcassets */ = {isa = PBXFileReference; lastKnownFileType = folder.assetcatalog; path = "Preview Assets.xcassets"; sourceTree = "<group>"; };
		4C5AA2C9263989B500830FC9 /* Info.plist */ = {isa = PBXFileReference; lastKnownFileType = text.plist.xml; path = Info.plist; sourceTree = "<group>"; };
		4C5AA2D426398A0E00830FC9 /* WidgetExtension.appex */ = {isa = PBXFileReference; explicitFileType = "wrapper.app-extension"; includeInIndex = 0; path = WidgetExtension.appex; sourceTree = BUILT_PRODUCTS_DIR; };
		4C5AA2D626398A0E00830FC9 /* WidgetKit.framework */ = {isa = PBXFileReference; lastKnownFileType = wrapper.framework; name = WidgetKit.framework; path = System/Library/Frameworks/WidgetKit.framework; sourceTree = SDKROOT; };
		4C5AA2D826398A0E00830FC9 /* SwiftUI.framework */ = {isa = PBXFileReference; lastKnownFileType = wrapper.framework; name = SwiftUI.framework; path = System/Library/Frameworks/SwiftUI.framework; sourceTree = SDKROOT; };
		4C5AA2DB26398A0E00830FC9 /* Widget.swift */ = {isa = PBXFileReference; lastKnownFileType = sourcecode.swift; path = Widget.swift; sourceTree = "<group>"; };
		4C5AA2DD26398A0E00830FC9 /* Widget.intentdefinition */ = {isa = PBXFileReference; lastKnownFileType = file.intentdefinition; path = Widget.intentdefinition; sourceTree = "<group>"; };
		4C5AA2DE26398A1200830FC9 /* Assets.xcassets */ = {isa = PBXFileReference; lastKnownFileType = folder.assetcatalog; path = Assets.xcassets; sourceTree = "<group>"; };
		4C5AA2E026398A1200830FC9 /* Info.plist */ = {isa = PBXFileReference; lastKnownFileType = text.plist.xml; path = Info.plist; sourceTree = "<group>"; };
/* End PBXFileReference section */

/* Begin PBXFrameworksBuildPhase section */
		4C5AA2BA263989B300830FC9 /* Frameworks */ = {
			isa = PBXFrameworksBuildPhase;
			buildActionMask = 2147483647;
			files = (
			);
			runOnlyForDeploymentPostprocessing = 0;
		};
		4C5AA2D126398A0E00830FC9 /* Frameworks */ = {
			isa = PBXFrameworksBuildPhase;
			buildActionMask = 2147483647;
			files = (
				4C5AA2D926398A0E00830FC9 /* SwiftUI.framework in Frameworks */,
				4C5AA2D726398A0E00830FC9 /* WidgetKit.framework in Frameworks */,
			);
			runOnlyForDeploymentPostprocessing = 0;
		};
/* End PBXFrameworksBuildPhase section */

/* Begin PBXGroup section */
		4C5AA2B4263989B300830FC9 = {
			isa = PBXGroup;
			children = (
				4C5AA2BF263989B400830FC9 /* WidgetTest */,
				4C5AA2DA26398A0E00830FC9 /* Widget */,
				4C5AA2D526398A0E00830FC9 /* Frameworks */,
				4C5AA2BE263989B400830FC9 /* Products */,
			);
			sourceTree = "<group>";
		};
		4C5AA2BE263989B400830FC9 /* Products */ = {
			isa = PBXGroup;
			children = (
				4C5AA2BD263989B400830FC9 /* WidgetTest.app */,
				4C5AA2D426398A0E00830FC9 /* WidgetExtension.appex */,
			);
			name = Products;
			sourceTree = "<group>";
		};
		4C5AA2BF263989B400830FC9 /* WidgetTest */ = {
			isa = PBXGroup;
			children = (
				4C5AA2C0263989B400830FC9 /* WidgetTestApp.swift */,
				4C5AA2C2263989B400830FC9 /* ContentView.swift */,
				4C5AA2C4263989B500830FC9 /* Assets.xcassets */,
				4C5AA2C9263989B500830FC9 /* Info.plist */,
				4C5AA2C6263989B500830FC9 /* Preview Content */,
			);
			path = WidgetTest;
			sourceTree = "<group>";
		};
		4C5AA2C6263989B500830FC9 /* Preview Content */ = {
			isa = PBXGroup;
			children = (
				4C5AA2C7263989B500830FC9 /* Preview Assets.xcassets */,
			);
			path = "Preview Content";
			sourceTree = "<group>";
		};
		4C5AA2D526398A0E00830FC9 /* Frameworks */ = {
			isa = PBXGroup;
			children = (
				4C5AA2D626398A0E00830FC9 /* WidgetKit.framework */,
				4C5AA2D826398A0E00830FC9 /* SwiftUI.framework */,
			);
			name = Frameworks;
			sourceTree = "<group>";
		};
		4C5AA2DA26398A0E00830FC9 /* Widget */ = {
			isa = PBXGroup;
			children = (
				4C5AA2DB26398A0E00830FC9 /* Widget.swift */,
				4C5AA2DD26398A0E00830FC9 /* Widget.intentdefinition */,
				4C5AA2DE26398A1200830FC9 /* Assets.xcassets */,
				4C5AA2E026398A1200830FC9 /* Info.plist */,
			);
			path = Widget;
			sourceTree = "<group>";
		};
/* End PBXGroup section */

/* Begin PBXNativeTarget section */
		4C5AA2BC263989B300830FC9 /* WidgetTest */ = {
			isa = PBXNativeTarget;
			buildConfigurationList = 4C5AA2CC263989B500830FC9 /* Build configuration list for PBXNativeTarget "WidgetTest" */;
			buildPhases = (
				4C5AA2B9263989B300830FC9 /* Sources */,
				4C5AA2BA263989B300830FC9 /* Frameworks */,
				4C5AA2BB263989B300830FC9 /* Resources */,
				4C5AA2E926398A1200830FC9 /* Embed App Extensions */,
			);
			buildRules = (
			);
			dependencies = (
				4C5AA2E426398A1200830FC9 /* PBXTargetDependency */,
			);
			name = WidgetTest;
			productName = WidgetTest;
			productReference = 4C5AA2BD263989B400830FC9 /* WidgetTest.app */;
			productType = "com.apple.product-type.application";
		};
		4C5AA2D326398A0E00830FC9 /* WidgetExtension */ = {
			isa = PBXNativeTarget;
			buildConfigurationList = 4C5AA2E626398A1200830FC9 /* Build configuration list for PBXNativeTarget "WidgetExtension" */;
			buildPhases = (
				4C5AA2D026398A0E00830FC9 /* Sources */,
				4C5AA2D126398A0E00830FC9 /* Frameworks */,
				4C5AA2D226398A0E00830FC9 /* Resources */,
			);
			buildRules = (
			);
			dependencies = (
			);
			name = WidgetExtension;
			productName = WidgetExtension;
			productReference = 4C5AA2D426398A0E00830FC9 /* WidgetExtension.appex */;
			productType = "com.apple.product-type.app-extension";
		};
/* End PBXNativeTarget section */

/* Begin PBXProject section */
		4C5AA2B5263989B300830FC9 /* Project object */ = {
			isa = PBXProject;
			attributes = {
				LastSwiftUpdateCheck = 1240;
				LastUpgradeCheck = 1240;
				TargetAttributes = {
					4C5AA2BC263989B300830FC9 = {
						CreatedOnToolsVersion = 12.4;
					};
					4C5AA2D326398A0E00830FC9 = {
						CreatedOnToolsVersion = 12.4;
					};
				};
			};
			buildConfigurationList = 4C5AA2B8263989B300830FC9 /* Build configuration list for PBXProject "WidgetTest" */;
			compatibilityVersion = "Xcode 9.3";
			developmentRegion = en;
			hasScannedForEncodings = 0;
			knownRegions = (
				en,
				Base,
			);
			mainGroup = 4C5AA2B4263989B300830FC9;
			productRefGroup = 4C5AA2BE263989B400830FC9 /* Products */;
			projectDirPath = "";
			projectRoot = "";
			targets = (
				4C5AA2BC263989B300830FC9 /* WidgetTest */,
				4C5AA2D326398A0E00830FC9 /* WidgetExtension */,
			);
		};
/* End PBXProject section */

/* Begin PBXResourcesBuildPhase section */
		4C5AA2BB263989B300830FC9 /* Resources */ = {
			isa = PBXResourcesBuildPhase;
			buildActionMask = 2147483647;
			files = (
				4C5AA2C8263989B500830FC9 /* Preview Assets.xcassets in Resources */,
				4C5AA2C5263989B500830FC9 /* Assets.xcassets in Resources */,
			);
			runOnlyForDeploymentPostprocessing = 0;
		};
		4C5AA2D226398A0E00830FC9 /* Resources */ = {
			isa = PBXResourcesBuildPhase;
			buildActionMask = 2147483647;
			files = (
				4C5AA2DF26398A1200830FC9 /* Assets.xcassets in Resources */,
			);
			runOnlyForDeploymentPostprocessing = 0;
		};
/* End PBXResourcesBuildPhase section */

/* Begin PBXSourcesBuildPhase section */
		4C5AA2B9263989B300830FC9 /* Sources */ = {
			isa = PBXSourcesBuildPhase;
			buildActionMask = 2147483647;
			files = (
				4C5AA2C3263989B400830FC9 /* ContentView.swift in Sources */,
				4C5AA2C1263989B400830FC9 /* WidgetTestApp.swift in Sources */,
				4C5AA2E226398A1200830FC9 /* Widget.intentdefinition in Sources */,
			);
			runOnlyForDeploymentPostprocessing = 0;
		};
		4C5AA2D026398A0E00830FC9 /* Sources */ = {
			isa = PBXSourcesBuildPhase;
			buildActionMask = 2147483647;
			files = (
				4C5AA2E126398A1200830FC9 /* Widget.intentdefinition in Sources */,
				4C5AA2DC26398A0E00830FC9 /* Widget.swift in Sources */,
			);
			runOnlyForDeploymentPostprocessing = 0;
		};
/* End PBXSourcesBuildPhase section */

/* Begin PBXTargetDependency section */
		4C5AA2E426398A1200830FC9 /* PBXTargetDependency */ = {
			isa = PBXTargetDependency;
			target = 4C5AA2D326398A0E00830FC9 /* WidgetExtension */;
			targetProxy = 4C5AA2E326398A1200830FC9 /* PBXContainerItemProxy */;
		};
/* End PBXTargetDependency section */

/* Begin XCBuildConfiguration section */
		4C5AA2CA263989B500830FC9 /* Debug */ = {
			isa = XCBuildConfiguration;
			buildSettings = {
				ALWAYS_SEARCH_USER_PATHS = NO;
				CLANG_ANALYZER_NONNULL = YES;
				CLANG_ANALYZER_NUMBER_OBJECT_CONVERSION = YES_AGGRESSIVE;
				CLANG_CXX_LANGUAGE_STANDARD = "gnu++14";
				CLANG_CXX_LIBRARY = "libc++";
				CLANG_ENABLE_MODULES = YES;
				CLANG_ENABLE_OBJC_ARC = YES;
				CLANG_ENABLE_OBJC_WEAK = YES;
				CLANG_WARN_BLOCK_CAPTURE_AUTORELEASING = YES;
				CLANG_WARN_BOOL_CONVERSION = YES;
				CLANG_WARN_COMMA = YES;
				CLANG_WARN_CONSTANT_CONVERSION = YES;
				CLANG_WARN_DEPRECATED_OBJC_IMPLEMENTATIONS = YES;
				CLANG_WARN_DIRECT_OBJC_ISA_USAGE = YES_ERROR;
				CLANG_WARN_DOCUMENTATION_COMMENTS = YES;
				CLANG_WARN_EMPTY_BODY = YES;
				CLANG_WARN_ENUM_CONVERSION = YES;
				CLANG_WARN_INFINITE_RECURSION = YES;
				CLANG_WARN_INT_CONVERSION = YES;
				CLANG_WARN_NON_LITERAL_NULL_CONVERSION = YES;
				CLANG_WARN_OBJC_IMPLICIT_RETAIN_SELF = YES;
				CLANG_WARN_OBJC_LITERAL_CONVERSION = YES;
				CLANG_WARN_OBJC_ROOT_CLASS = YES_ERROR;
				CLANG_WARN_QUOTED_INCLUDE_IN_FRAMEWORK_HEADER = YES;
				CLANG_WARN_RANGE_LOOP_ANALYSIS = YES;
				CLANG_WARN_STRICT_PROTOTYPES = YES;
				CLANG_WARN_SUSPICIOUS_MOVE = YES;
				CLANG_WARN_UNGUARDED_AVAILABILITY = YES_AGGRESSIVE;
				CLANG_WARN_UNREACHABLE_CODE = YES;
				CLANG_WARN__DUPLICATE_METHOD_MATCH = YES;
				COPY_PHASE_STRIP = NO;
				DEBUG_INFORMATION_FORMAT = dwarf;
				ENABLE_STRICT_OBJC_MSGSEND = YES;
				ENABLE_TESTABILITY = YES;
				GCC_C_LANGUAGE_STANDARD = gnu11;
				GCC_DYNAMIC_NO_PIC = NO;
				GCC_NO_COMMON_BLOCKS = YES;
				GCC_OPTIMIZATION_LEVEL = 0;
				GCC_PREPROCESSOR_DEFINITIONS = (
					"DEBUG=1",
					"$(inherited)",
				);
				GCC_WARN_64_TO_32_BIT_CONVERSION = YES;
				GCC_WARN_ABOUT_RETURN_TYPE = YES_ERROR;
				GCC_WARN_UNDECLARED_SELECTOR = YES;
				GCC_WARN_UNINITIALIZED_AUTOS = YES_AGGRESSIVE;
				GCC_WARN_UNUSED_FUNCTION = YES;
				GCC_WARN_UNUSED_VARIABLE = YES;
				IPHONEOS_DEPLOYMENT_TARGET = 14.4;
				MTL_ENABLE_DEBUG_INFO = INCLUDE_SOURCE;
				MTL_FAST_MATH = YES;
				ONLY_ACTIVE_ARCH = YES;
				SDKROOT = iphoneos;
				SWIFT_ACTIVE_COMPILATION_CONDITIONS = DEBUG;
				SWIFT_OPTIMIZATION_LEVEL = "-Onone";
			};
			name = Debug;
		};
		4C5AA2CB263989B500830FC9 /* Release */ = {
			isa = XCBuildConfiguration;
			buildSettings = {
				ALWAYS_SEARCH_USER_PATHS = NO;
				CLANG_ANALYZER_NONNULL = YES;
				CLANG_ANALYZER_NUMBER_OBJECT_CONVERSION = YES_AGGRESSIVE;
				CLANG_CXX_LANGUAGE_STANDARD = "gnu++14";
				CLANG_CXX_LIBRARY = "libc++";
				CLANG_ENABLE_MODULES = YES;
				CLANG_ENABLE_OBJC_ARC = YES;
				CLANG_ENABLE_OBJC_WEAK = YES;
				CLANG_WARN_BLOCK_CAPTURE_AUTORELEASING = YES;
				CLANG_WARN_BOOL_CONVERSION = YES;
				CLANG_WARN_COMMA = YES;
				CLANG_WARN_CONSTANT_CONVERSION = YES;
				CLANG_WARN_DEPRECATED_OBJC_IMPLEMENTATIONS = YES;
				CLANG_WARN_DIRECT_OBJC_ISA_USAGE = YES_ERROR;
				CLANG_WARN_DOCUMENTATION_COMMENTS = YES;
				CLANG_WARN_EMPTY_BODY = YES;
				CLANG_WARN_ENUM_CONVERSION = YES;
				CLANG_WARN_INFINITE_RECURSION = YES;
				CLANG_WARN_INT_CONVERSION = YES;
				CLANG_WARN_NON_LITERAL_NULL_CONVERSION = YES;
				CLANG_WARN_OBJC_IMPLICIT_RETAIN_SELF = YES;
				CLANG_WARN_OBJC_LITERAL_CONVERSION = YES;
				CLANG_WARN_OBJC_ROOT_CLASS = YES_ERROR;
				CLANG_WARN_QUOTED_INCLUDE_IN_FRAMEWORK_HEADER = YES;
				CLANG_WARN_RANGE_LOOP_ANALYSIS = YES;
				CLANG_WARN_STRICT_PROTOTYPES = YES;
				CLANG_WARN_SUSPICIOUS_MOVE = YES;
				CLANG_WARN_UNGUARDED_AVAILABILITY = YES_AGGRESSIVE;
				CLANG_WARN_UNREACHABLE_CODE = YES;
				CLANG_WARN__DUPLICATE_METHOD_MATCH = YES;
				COPY_PHASE_STRIP = NO;
				DEBUG_INFORMATION_FORMAT = "dwarf-with-dsym";
				ENABLE_NS_ASSERTIONS = NO;
				ENABLE_STRICT_OBJC_MSGSEND = YES;
				GCC_C_LANGUAGE_STANDARD = gnu11;
				GCC_NO_COMMON_BLOCKS = YES;
				GCC_WARN_64_TO_32_BIT_CONVERSION = YES;
				GCC_WARN_ABOUT_RETURN_TYPE = YES_ERROR;
				GCC_WARN_UNDECLARED_SELECTOR = YES;
				GCC_WARN_UNINITIALIZED_AUTOS = YES_AGGRESSIVE;
				GCC_WARN_UNUSED_FUNCTION = YES;
				GCC_WARN_UNUSED_VARIABLE = YES;
				IPHONEOS_DEPLOYMENT_TARGET = 14.4;
				MTL_ENABLE_DEBUG_INFO = NO;
				MTL_FAST_MATH = YES;
				SDKROOT = iphoneos;
				SWIFT_COMPILATION_MODE = wholemodule;
				SWIFT_OPTIMIZATION_LEVEL = "-O";
				VALIDATE_PRODUCT = YES;
			};
			name = Release;
		};
		4C5AA2CD263989B500830FC9 /* Debug */ = {
			isa = XCBuildConfiguration;
			buildSettings = {
				ALWAYS_EMBED_SWIFT_STANDARD_LIBRARIES = YES;
				ASSETCATALOG_COMPILER_APPICON_NAME = AppIcon;
				ASSETCATALOG_COMPILER_GLOBAL_ACCENT_COLOR_NAME = AccentColor;
				CODE_SIGN_STYLE = Automatic;
				DEVELOPMENT_ASSET_PATHS = "\"WidgetTest/Preview Content\"";
				DEVELOPMENT_TEAM = K5ZJLTFVCL;
				ENABLE_PREVIEWS = YES;
				INFOPLIST_FILE = WidgetTest/Info.plist;
				IPHONEOS_DEPLOYMENT_TARGET = 14.0;
				LD_RUNPATH_SEARCH_PATHS = (
					"$(inherited)",
					"@executable_path/Frameworks",
				);
				PRODUCT_BUNDLE_IDENTIFIER = io.github.oddmagnet.WidgetTest;
				PRODUCT_NAME = "$(TARGET_NAME)";
				SWIFT_VERSION = 5.0;
				TARGETED_DEVICE_FAMILY = "1,2";
			};
			name = Debug;
		};
		4C5AA2CE263989B500830FC9 /* Release */ = {
			isa = XCBuildConfiguration;
			buildSettings = {
				ALWAYS_EMBED_SWIFT_STANDARD_LIBRARIES = YES;
				ASSETCATALOG_COMPILER_APPICON_NAME = AppIcon;
				ASSETCATALOG_COMPILER_GLOBAL_ACCENT_COLOR_NAME = AccentColor;
				CODE_SIGN_STYLE = Automatic;
				DEVELOPMENT_ASSET_PATHS = "\"WidgetTest/Preview Content\"";
				DEVELOPMENT_TEAM = K5ZJLTFVCL;
				ENABLE_PREVIEWS = YES;
				INFOPLIST_FILE = WidgetTest/Info.plist;
				IPHONEOS_DEPLOYMENT_TARGET = 14.0;
				LD_RUNPATH_SEARCH_PATHS = (
					"$(inherited)",
					"@executable_path/Frameworks",
				);
				PRODUCT_BUNDLE_IDENTIFIER = io.github.oddmagnet.WidgetTest;
				PRODUCT_NAME = "$(TARGET_NAME)";
				SWIFT_VERSION = 5.0;
				TARGETED_DEVICE_FAMILY = "1,2";
			};
			name = Release;
		};
		4C5AA2E726398A1200830FC9 /* Debug */ = {
			isa = XCBuildConfiguration;
			buildSettings = {
				ASSETCATALOG_COMPILER_GLOBAL_ACCENT_COLOR_NAME = AccentColor;
				ASSETCATALOG_COMPILER_WIDGET_BACKGROUND_COLOR_NAME = WidgetBackground;
				CODE_SIGN_STYLE = Automatic;
				DEVELOPMENT_TEAM = K5ZJLTFVCL;
				INFOPLIST_FILE = Widget/Info.plist;
				LD_RUNPATH_SEARCH_PATHS = (
					"$(inherited)",
					"@executable_path/Frameworks",
					"@executable_path/../../Frameworks",
				);
				PRODUCT_BUNDLE_IDENTIFIER = io.github.oddmagnet.WidgetTest.Widget;
				PRODUCT_NAME = "$(TARGET_NAME)";
				SKIP_INSTALL = YES;
				SWIFT_VERSION = 5.0;
				TARGETED_DEVICE_FAMILY = "1,2";
			};
			name = Debug;
		};
		4C5AA2E826398A1200830FC9 /* Release */ = {
			isa = XCBuildConfiguration;
			buildSettings = {
				ASSETCATALOG_COMPILER_GLOBAL_ACCENT_COLOR_NAME = AccentColor;
				ASSETCATALOG_COMPILER_WIDGET_BACKGROUND_COLOR_NAME = WidgetBackground;
				CODE_SIGN_STYLE = Automatic;
				DEVELOPMENT_TEAM = K5ZJLTFVCL;
				INFOPLIST_FILE = Widget/Info.plist;
				LD_RUNPATH_SEARCH_PATHS = (
					"$(inherited)",
					"@executable_path/Frameworks",
					"@executable_path/../../Frameworks",
				);
				PRODUCT_BUNDLE_IDENTIFIER = io.github.oddmagnet.WidgetTest.Widget;
				PRODUCT_NAME = "$(TARGET_NAME)";
				SKIP_INSTALL = YES;
				SWIFT_VERSION = 5.0;
				TARGETED_DEVICE_FAMILY = "1,2";
			};
			name = Release;
		};
/* End XCBuildConfiguration section */

/* Begin XCConfigurationList section */
		4C5AA2B8263989B300830FC9 /* Build configuration list for PBXProject "WidgetTest" */ = {
			isa = XCConfigurationList;
			buildConfigurations = (
				4C5AA2CA263989B500830FC9 /* Debug */,
				4C5AA2CB263989B500830FC9 /* Release */,
			);
			defaultConfigurationIsVisible = 0;
			defaultConfigurationName = Release;
		};
		4C5AA2CC263989B500830FC9 /* Build configuration list for PBXNativeTarget "WidgetTest" */ = {
			isa = XCConfigurationList;
			buildConfigurations = (
				4C5AA2CD263989B500830FC9 /* Debug */,
				4C5AA2CE263989B500830FC9 /* Release */,
			);
			defaultConfigurationIsVisible = 0;
			defaultConfigurationName = Release;
		};
		4C5AA2E626398A1200830FC9 /* Build configuration list for PBXNativeTarget "WidgetExtension" */ = {
			isa = XCConfigurationList;
			buildConfigurations = (
				4C5AA2E726398A1200830FC9 /* Debug */,
				4C5AA2E826398A1200830FC9 /* Release */,
			);
			defaultConfigurationIsVisible = 0;
			defaultConfigurationName = Release;
		};
/* End XCConfigurationList section */
	};
	rootObject = 4C5AA2B5263989B300830FC9 /* Project object */;
}
